{
  "name": "teams",
  "version": "1.0.0",
  "lockfileVersion": 3,
  "requires": true,
  "packages": {
    "": {
      "name": "teams",
      "version": "1.0.0",
      "license": "ISC",
      "dependencies": {
        "typescript": "^1.8.10"
      },
      "devDependencies": {}
    },
    "node_modules/typescript": {
      "version": "1.8.10",
      "resolved": "https://registry.npmjs.org/typescript/-/typescript-1.8.10.tgz",
      "integrity": "sha512-amAjhGr2ZKUcd3OpqmSWbyz57bveJcwLdVp4XY31zR3Lylq0ZG8MHAX4IpoJ5AypkdkKkMRRVoqY6lKWrR9uPQ==",
      "license": "Apache-2.0",
      "bin": {
        "tsc": "bin/tsc",
        "tsserver": "bin/tsserver"
      },
      "engines": {
        "node": ">=0.8.0"
      }
    }
  }
}
